
Microsoft Visual Studio Solution File, Format Version 12.00
# Visual Studio Version 16
VisualStudioVersion = 16.0.33927.289
MinimumVisualStudioVersion = 10.0.40219.1
Project("{F184B08F-C81C-45F6-A57F-5ABD9991F28F}") = "S201702051_P09_2023", "S201702051_P09_2023\S201702051_P09_2023.vbproj", "{0A45B2A6-FDB8-48B7-84CB-D1C8CBBF95DB}"
EndProject
Global
	GlobalSection(SolutionConfigurationPlatforms) = preSolution
		Debug|Any CPU = Debug|Any CPU
		Release|Any CPU = Release|Any CPU
	EndGlobalSection
	GlobalSection(ProjectConfigurationPlatforms) = postSolution
		{0A45B2A6-FDB8-48B7-84CB-D1C8CBBF95DB}.Debug|Any CPU.ActiveCfg = Debug|Any CPU
		{0A45B2A6-FDB8-48B7-84CB-D1C8CBBF95DB}.Debug|Any CPU.Build.0 = Debug|Any CPU
		{0A45B2A6-FDB8-48B7-84CB-D1C8CBBF95DB}.Release|Any CPU.ActiveCfg = Release|Any CPU
		{0A45B2A6-FDB8-48B7-84CB-D1C8CBBF95DB}.Release|Any CPU.Build.0 = Release|Any CPU
	EndGlobalSection
	GlobalSection(SolutionProperties) = preSolution
		HideSolutionNode = FALSE
	EndGlobalSection
	GlobalSection(ExtensibilityGlobals) = postSolution
		SolutionGuid = {F21253A9-F62A-4F7E-9BD2-BAE3859ED43C}
	EndGlobalSection
EndGlobal
